// !$*UTF8*$!
{
	archiveVersion = 1;
	classes = {
	};
	objectVersion = 77;
	objects = {

/* Begin PBXBuildFile section */
		211D23372D556B3C00558873 /* GoogleSignIn in Frameworks */ = {isa = PBXBuildFile; productRef = 211D23362D556B3C00558873 /* GoogleSignIn */; };
		211D23392D556B3C00558873 /* GoogleSignInSwift in Frameworks */ = {isa = PBXBuildFile; productRef = 211D23382D556B3C00558873 /* GoogleSignInSwift */; };
		21491E372EF4E3900047B91D /* FirebaseAuth in Frameworks */ = {isa = PBXBuildFile; productRef = 21491E362EF4E3900047B91D /* FirebaseAuth */; };
		21491E3B2EF4E3900047B91D /* FirebaseCore in Frameworks */ = {isa = PBXBuildFile; productRef = 21491E3A2EF4E3900047B91D /* FirebaseCore */; };
		21491E412EF4E3900047B91D /* FirebaseFirestore in Frameworks */ = {isa = PBXBuildFile; productRef = 21491E402EF4E3900047B91D /* FirebaseFirestore */; };
		21491E552EF4E3900047B91D /* FirebaseStorage in Frameworks */ = {isa = PBXBuildFile; productRef = 21491E542EF4E3900047B91D /* FirebaseStorage */; };
		21491E5D2EF4E3900047B91D /* GoogleSignInSwift in Frameworks */ = {isa = PBXBuildFile; productRef = 21491E5C2EF4E3900047B91D /* GoogleSignInSwift */; };
		21491E612EF4E3900047B91D /* GoogleMobileAds in Frameworks */ = {isa = PBXBuildFile; productRef = 21491E602EF4E3900047B91D /* GoogleMobileAds */; };
		21491E632EF4E3900047B91D /* MarqueeText in Frameworks */ = {isa = PBXBuildFile; productRef = 21491E622EF4E3900047B91D /* MarqueeText */; };
		215679A22D5175D9001BE574 /* FirebaseAuth in Frameworks */ = {isa = PBXBuildFile; productRef = 215679A12D5175D9001BE574 /* FirebaseAuth */; };
		215679A62D5175D9001BE574 /* FirebaseCore in Frameworks */ = {isa = PBXBuildFile; productRef = 215679A52D5175D9001BE574 /* FirebaseCore */; };
		215679AA2D5175D9001BE574 /* FirebaseDatabase in Frameworks */ = {isa = PBXBuildFile; productRef = 215679A92D5175D9001BE574 /* FirebaseDatabase */; };
		215679AE2D5175D9001BE574 /* FirebaseFirestore in Frameworks */ = {isa = PBXBuildFile; productRef = 215679AD2D5175D9001BE574 /* FirebaseFirestore */; };
		215679C22D5175D9001BE574 /* FirebaseStorage in Frameworks */ = {isa = PBXBuildFile; productRef = 215679C12D5175D9001BE574 /* FirebaseStorage */; };
		21583BC62DD2E48200EFB400 /* ConfettiSwiftUI in Frameworks */ = {isa = PBXBuildFile; productRef = 21583BC52DD2E48200EFB400 /* ConfettiSwiftUI */; };
		2177134D2DDE6AC700AF367E /* GoogleMobileAds in Frameworks */ = {isa = PBXBuildFile; productRef = 2177134C2DDE6AC700AF367E /* GoogleMobileAds */; };
		21A0A6AA2ECFCEE60060A93D /* MarqueeText in Frameworks */ = {isa = PBXBuildFile; productRef = 21A0A6A92ECFCEE60060A93D /* MarqueeText */; };
		21E19BC32EE4B23E005C1193 /* FirebaseDatabase in Frameworks */ = {isa = PBXBuildFile; productRef = 21E19BC22EE4B23E005C1193 /* FirebaseDatabase */; };
/* End PBXBuildFile section */

/* Begin PBXCopyFilesBuildPhase section */
		210340152DBC4D5200F78FBF /* Embed Foundation Extensions */ = {
			isa = PBXCopyFilesBuildPhase;
			buildActionMask = 2147483647;
			dstPath = "";
			dstSubfolderSpec = 13;
			files = (
			);
			name = "Embed Foundation Extensions";
			runOnlyForDeploymentPostprocessing = 0;
		};
		21583BDC2DD2E77600EFB400 /* Embed App Clips */ = {
			isa = PBXCopyFilesBuildPhase;
			buildActionMask = 2147483647;
			dstPath = "$(CONTENTS_FOLDER_PATH)/AppClips";
			dstSubfolderSpec = 16;
			files = (
			);
			name = "Embed App Clips";
			runOnlyForDeploymentPostprocessing = 0;
		};
/* End PBXCopyFilesBuildPhase section */

/* Begin PBXFileReference section */
		210340022DBC4D5100F78FBF /* SwiftUI.framework */ = {isa = PBXFileReference; lastKnownFileType = wrapper.framework; name = SwiftUI.framework; path = System/Library/Frameworks/SwiftUI.framework; sourceTree = SDKROOT; };
		213F26F62D4D639100579FAE /* MiniMate.app */ = {isa = PBXFileReference; explicitFileType = wrapper.application; includeInIndex = 0; path = MiniMate.app; sourceTree = BUILT_PRODUCTS_DIR; };
		21A75C562DED16D100F32112 /* StoreKit.framework */ = {isa = PBXFileReference; lastKnownFileType = wrapper.framework; name = StoreKit.framework; path = System/Library/Frameworks/StoreKit.framework; sourceTree = SDKROOT; };
		21E19BB22EE4A3CE005C1193 /* MiniMate Manager.app */ = {isa = PBXFileReference; explicitFileType = wrapper.application; includeInIndex = 0; path = "MiniMate Manager.app"; sourceTree = BUILT_PRODUCTS_DIR; };
/* End PBXFileReference section */

/* Begin PBXFileSystemSynchronizedBuildFileExceptionSet section */
		211D233B2D55707100558873 /* Exceptions for "MiniMate" folder in "MiniMate" target */ = {
			isa = PBXFileSystemSynchronizedBuildFileExceptionSet;
			membershipExceptions = (
				Info.plist,
			);
			target = 213F26F52D4D639100579FAE /* MiniMate */;
		};
		215B38922F42AF1F0007677F /* Exceptions for "SharedFiles" folder in "MiniMate Manager" target */ = {
			isa = PBXFileSystemSynchronizedBuildFileExceptionSet;
			membershipExceptions = (
				Controllers/Auth/AppleReauthCoordinator.swift,
				Controllers/Auth/FirebaseAuthRepository.swift,
				Controllers/Other/KeyboardObserver.swift,
				Controllers/Other/LocFuncs.swift,
				Controllers/Other/NetworkChecker.swift,
				Controllers/RepoControls/AnalyticsRepository.swift,
				Controllers/RepoControls/CourseRepos/CourseLeaderboardRepository.swift,
				Controllers/RepoControls/CourseRepos/CourseRepository.swift,
				Controllers/RepoControls/GameRepos/LocalGameRepository.swift,
				Controllers/RepoControls/GameRepos/RemoteGameRepository.swift,
				Controllers/RepoControls/UserRepos/UserLocalRepository.swift,
				Controllers/RepoControls/UserRepos/UserRemoteRepository.swift,
				Controllers/RepoControls/UserRepos/UserRepository.swift,
				Controllers/ViewModels/AuthViewModel.swift,
				Controllers/ViewModels/GameReview/GameReviewPresenter.swift,
				Controllers/ViewModels/GameReview/GameReviewViewModel.swift,
				Controllers/ViewModels/ProfileView/ProfileService.swift,
				Controllers/ViewModels/ProfileView/ProfileViewModel.swift,
				Controllers/ViewModels/WelcomeView/WelcomePresenter.swift,
				Controllers/ViewModels/WelcomeView/WelcomeViewModel.swift,
				DataModels/Course.swift,
				"DataModels/Course+UI.swift",
				DataModels/Game.swift,
				DataModels/GameDTO.swift,
				DataModels/Hole.swift,
				DataModels/HoleDTO.swift,
				DataModels/MapItemDTO.swift,
				"DataModels/MapItemDTO+MapKit.swift",
				DataModels/Player.swift,
				"DataModels/Player+UI,DTO+UI.swift",
				DataModels/PlayerDTO.swift,
				DataModels/SmallCourse.swift,
				"DataModels/User+UserModel+UI.swift",
				DataModels/UserDTO.swift,
				DataModels/UserModel.swift,
				Misc/CardShadowModifier.swift,
				Misc/CharacterLimitModifier.swift,
				Misc/Functions/CryptoUtils.swift,
				Misc/Functions/DateUtils.swift,
				Misc/Functions/PasswordGenerator.swift,
				Misc/Functions/ProfanityFilter.swift,
				"Misc/Functions/String+Extensions.swift",
				Misc/isAvaliableGlassEffect.swift,
				Misc/PhotoPicker.swift,
				Misc/ScannerCornerShape.swift,
				Misc/SynchronizedScrollViews.swift,
				Misc/Views/BarChartView.swift,
				Misc/Views/NumberPickerView.swift,
				Misc/Views/PhotoIconView.swift,
				Misc/Views/RollingNumberText.swift,
				Misc/Views/SearchBarView.swift,
				Misc/Views/UserInfoRow.swift,
				Protocals/AppNavigationManaging.swift,
				"Shared-Assets.xcassets",
				Views/Game/GameInfoView.swift,
				Views/Game/GameInfoViewModel.swift,
				Views/Game/GameReviewView.swift,
				Views/PreViews/EmailPasswordView.swift,
				Views/PreViews/SignInView.swift,
				Views/PreViews/WelcomeView.swift,
				Views/TitleView.swift,
			);
			target = 21E19BB12EE4A3CE005C1193 /* MiniMate Manager */;
		};
		215B389D2F42B09F0007677F /* Exceptions for "MiniMate" folder in "MiniMate Manager" target */ = {
			isa = PBXFileSystemSynchronizedBuildFileExceptionSet;
			membershipExceptions = (
				Views/TabView/MainView/ProfileView.swift,
				Views/TabView/Stats/SwipeableRowModifier.swift,
			);
			target = 21E19BB12EE4A3CE005C1193 /* MiniMate Manager */;
		};
/* End PBXFileSystemSynchronizedBuildFileExceptionSet section */

/* Begin PBXFileSystemSynchronizedRootGroup section */
		213F26F82D4D639100579FAE /* MiniMate */ = {
			isa = PBXFileSystemSynchronizedRootGroup;
			exceptions = (
				211D233B2D55707100558873 /* Exceptions for "MiniMate" folder in "MiniMate" target */,
				215B389D2F42B09F0007677F /* Exceptions for "MiniMate" folder in "MiniMate Manager" target */,
			);
			path = MiniMate;
			sourceTree = "<group>";
		};
		215B38902F42AF050007677F /* SharedFiles */ = {
			isa = PBXFileSystemSynchronizedRootGroup;
			exceptions = (
				215B38922F42AF1F0007677F /* Exceptions for "SharedFiles" folder in "MiniMate Manager" target */,
			);
			path = SharedFiles;
			sourceTree = "<group>";
		};
		21E19BB32EE4A3CE005C1193 /* MiniMateManager */ = {
			isa = PBXFileSystemSynchronizedRootGroup;
			path = MiniMateManager;
			sourceTree = "<group>";
		};
/* End PBXFileSystemSynchronizedRootGroup section */

/* Begin PBXFrameworksBuildPhase section */
		213F26F32D4D639100579FAE /* Frameworks */ = {
			isa = PBXFrameworksBuildPhase;
			buildActionMask = 2147483647;
			files = (
				2177134D2DDE6AC700AF367E /* GoogleMobileAds in Frameworks */,
				211D23392D556B3C00558873 /* GoogleSignInSwift in Frameworks */,
				21583BC62DD2E48200EFB400 /* ConfettiSwiftUI in Frameworks */,
				215679AA2D5175D9001BE574 /* FirebaseDatabase in Frameworks */,
				215679A22D5175D9001BE574 /* FirebaseAuth in Frameworks */,
				215679AE2D5175D9001BE574 /* FirebaseFirestore in Frameworks */,
				21A0A6AA2ECFCEE60060A93D /* MarqueeText in Frameworks */,
				211D23372D556B3C00558873 /* GoogleSignIn in Frameworks */,
				215679C22D5175D9001BE574 /* FirebaseStorage in Frameworks */,
				215679A62D5175D9001BE574 /* FirebaseCore in Frameworks */,
			);
			runOnlyForDeploymentPostprocessing = 0;
		};
		21E19BAF2EE4A3CE005C1193 /* Frameworks */ = {
			isa = PBXFrameworksBuildPhase;
			buildActionMask = 2147483647;
			files = (
				21491E632EF4E3900047B91D /* MarqueeText in Frameworks */,
				21491E5D2EF4E3900047B91D /* GoogleSignInSwift in Frameworks */,
				21E19BC32EE4B23E005C1193 /* FirebaseDatabase in Frameworks */,
				21491E412EF4E3900047B91D /* FirebaseFirestore in Frameworks */,
				21491E612EF4E3900047B91D /* GoogleMobileAds in Frameworks */,
				21491E372EF4E3900047B91D /* FirebaseAuth in Frameworks */,
				21491E552EF4E3900047B91D /* FirebaseStorage in Frameworks */,
				21491E3B2EF4E3900047B91D /* FirebaseCore in Frameworks */,
			);
			runOnlyForDeploymentPostprocessing = 0;
		};
/* End PBXFrameworksBuildPhase section */

/* Begin PBXGroup section */
		21033FFF2DBC4D5100F78FBF /* Frameworks */ = {
			isa = PBXGroup;
			children = (
				21A75C562DED16D100F32112 /* StoreKit.framework */,
				210340022DBC4D5100F78FBF /* SwiftUI.framework */,
			);
			name = Frameworks;
			sourceTree = "<group>";
		};
		213F26ED2D4D639100579FAE = {
			isa = PBXGroup;
			children = (
				215B38902F42AF050007677F /* SharedFiles */,
				213F26F82D4D639100579FAE /* MiniMate */,
				21E19BB32EE4A3CE005C1193 /* MiniMateManager */,
				21033FFF2DBC4D5100F78FBF /* Frameworks */,
				213F26F72D4D639100579FAE /* Products */,
			);
			sourceTree = "<group>";
		};
		213F26F72D4D639100579FAE /* Products */ = {
			isa = PBXGroup;
			children = (
				213F26F62D4D639100579FAE /* MiniMate.app */,
				21E19BB22EE4A3CE005C1193 /* MiniMate Manager.app */,
			);
			name = Products;
			sourceTree = "<group>";
		};
/* End PBXGroup section */

/* Begin PBXNativeTarget section */
		213F26F52D4D639100579FAE /* MiniMate */ = {
			isa = PBXNativeTarget;
			buildConfigurationList = 213F27042D4D639200579FAE /* Build configuration list for PBXNativeTarget "MiniMate" */;
			buildPhases = (
				213F26F22D4D639100579FAE /* Sources */,
				213F26F32D4D639100579FAE /* Frameworks */,
				213F26F42D4D639100579FAE /* Resources */,
				210340152DBC4D5200F78FBF /* Embed Foundation Extensions */,
				21583BDC2DD2E77600EFB400 /* Embed App Clips */,
			);
			buildRules = (
			);
			dependencies = (
			);
			fileSystemSynchronizedGroups = (
				213F26F82D4D639100579FAE /* MiniMate */,
				215B38902F42AF050007677F /* SharedFiles */,
			);
			name = MiniMate;
			packageProductDependencies = (
				215679A12D5175D9001BE574 /* FirebaseAuth */,
				215679A52D5175D9001BE574 /* FirebaseCore */,
				215679A92D5175D9001BE574 /* FirebaseDatabase */,
				215679AD2D5175D9001BE574 /* FirebaseFirestore */,
				215679C12D5175D9001BE574 /* FirebaseStorage */,
				211D23362D556B3C00558873 /* GoogleSignIn */,
				211D23382D556B3C00558873 /* GoogleSignInSwift */,
				21583BC52DD2E48200EFB400 /* ConfettiSwiftUI */,
				2177134C2DDE6AC700AF367E /* GoogleMobileAds */,
				21A0A6A92ECFCEE60060A93D /* MarqueeText */,
			);
			productName = MiniMate;
			productReference = 213F26F62D4D639100579FAE /* MiniMate.app */;
			productType = "com.apple.product-type.application";
		};
		21E19BB12EE4A3CE005C1193 /* MiniMate Manager */ = {
			isa = PBXNativeTarget;
			buildConfigurationList = 21E19BBA2EE4A3D0005C1193 /* Build configuration list for PBXNativeTarget "MiniMate Manager" */;
			buildPhases = (
				21E19BAE2EE4A3CE005C1193 /* Sources */,
				21E19BAF2EE4A3CE005C1193 /* Frameworks */,
				21E19BB02EE4A3CE005C1193 /* Resources */,
			);
			buildRules = (
			);
			dependencies = (
			);
			fileSystemSynchronizedGroups = (
				21E19BB32EE4A3CE005C1193 /* MiniMateManager */,
			);
			name = "MiniMate Manager";
			packageProductDependencies = (
				21E19BC22EE4B23E005C1193 /* FirebaseDatabase */,
				21491E362EF4E3900047B91D /* FirebaseAuth */,
				21491E3A2EF4E3900047B91D /* FirebaseCore */,
				21491E402EF4E3900047B91D /* FirebaseFirestore */,
				21491E542EF4E3900047B91D /* FirebaseStorage */,
				21491E5C2EF4E3900047B91D /* GoogleSignInSwift */,
				21491E602EF4E3900047B91D /* GoogleMobileAds */,
				21491E622EF4E3900047B91D /* MarqueeText */,
			);
			productName = "MiniMate Manager";
			productReference = 21E19BB22EE4A3CE005C1193 /* MiniMate Manager.app */;
			productType = "com.apple.product-type.application";
		};
/* End PBXNativeTarget section */

/* Begin PBXProject section */
		213F26EE2D4D639100579FAE /* Project object */ = {
			isa = PBXProject;
			attributes = {
				BuildIndependentTargetsInParallel = 1;
				LastSwiftUpdateCheck = 2610;
				LastUpgradeCheck = 2600;
				TargetAttributes = {
					213F26F52D4D639100579FAE = {
						CreatedOnToolsVersion = 16.2;
					};
					21E19BB12EE4A3CE005C1193 = {
						CreatedOnToolsVersion = 26.1.1;
					};
				};
			};
			buildConfigurationList = 213F26F12D4D639100579FAE /* Build configuration list for PBXProject "MiniMate" */;
			developmentRegion = en;
			hasScannedForEncodings = 0;
			knownRegions = (
				en,
				Base,
			);
			mainGroup = 213F26ED2D4D639100579FAE;
			minimizedProjectReferenceProxies = 1;
			packageReferences = (
				210BDE4B2D4DDFB80012E465 /* XCRemoteSwiftPackageReference "firebase-ios-sdk" */,
				211D23352D556B3C00558873 /* XCRemoteSwiftPackageReference "GoogleSignIn-iOS" */,
				21583BC42DD2E3DD00EFB400 /* XCRemoteSwiftPackageReference "ConfettiSwiftUI" */,
				2177134B2DDE6AC700AF367E /* XCRemoteSwiftPackageReference "swift-package-manager-google-mobile-ads" */,
				21A0A6A82ECFCEE60060A93D /* XCRemoteSwiftPackageReference "MarqueeText" */,
			);
			preferredProjectObjectVersion = 77;
			productRefGroup = 213F26F72D4D639100579FAE /* Products */;
			projectDirPath = "";
			projectRoot = "";
			targets = (
				213F26F52D4D639100579FAE /* MiniMate */,
				21E19BB12EE4A3CE005C1193 /* MiniMate Manager */,
			);
		};
/* End PBXProject section */

/* Begin PBXResourcesBuildPhase section */
		213F26F42D4D639100579FAE /* Resources */ = {
			isa = PBXResourcesBuildPhase;
			buildActionMask = 2147483647;
			files = (
			);
			runOnlyForDeploymentPostprocessing = 0;
		};
		21E19BB02EE4A3CE005C1193 /* Resources */ = {
			isa = PBXResourcesBuildPhase;
			buildActionMask = 2147483647;
			files = (
			);
			runOnlyForDeploymentPostprocessing = 0;
		};
/* End PBXResourcesBuildPhase section */

/* Begin PBXSourcesBuildPhase section */
		213F26F22D4D639100579FAE /* Sources */ = {
			isa = PBXSourcesBuildPhase;
			buildActionMask = 2147483647;
			files = (
			);
			runOnlyForDeploymentPostprocessing = 0;
		};
		21E19BAE2EE4A3CE005C1193 /* Sources */ = {
			isa = PBXSourcesBuildPhase;
			buildActionMask = 2147483647;
			files = (
			);
			runOnlyForDeploymentPostprocessing = 0;
		};
/* End PBXSourcesBuildPhase section */

/* Begin XCBuildConfiguration section */
		213F27022D4D639200579FAE /* Debug */ = {
			isa = XCBuildConfiguration;
			buildSettings = {
				ALWAYS_SEARCH_USER_PATHS = NO;
				ASSETCATALOG_COMPILER_GENERATE_SWIFT_ASSET_SYMBOL_EXTENSIONS = YES;
				CLANG_ANALYZER_NONNULL = YES;
				CLANG_ANALYZER_NUMBER_OBJECT_CONVERSION = YES_AGGRESSIVE;
				CLANG_CXX_LANGUAGE_STANDARD = "gnu++20";
				CLANG_ENABLE_MODULES = YES;
				CLANG_ENABLE_OBJC_ARC = YES;
				CLANG_ENABLE_OBJC_WEAK = YES;
				CLANG_WARN_BLOCK_CAPTURE_AUTORELEASING = YES;
				CLANG_WARN_BOOL_CONVERSION = YES;
				CLANG_WARN_COMMA = YES;
				CLANG_WARN_CONSTANT_CONVERSION = YES;
				CLANG_WARN_DEPRECATED_OBJC_IMPLEMENTATIONS = YES;
				CLANG_WARN_DIRECT_OBJC_ISA_USAGE = YES_ERROR;
				CLANG_WARN_DOCUMENTATION_COMMENTS = YES;
				CLANG_WARN_EMPTY_BODY = YES;
				CLANG_WARN_ENUM_CONVERSION = YES;
				CLANG_WARN_INFINITE_RECURSION = YES;
				CLANG_WARN_INT_CONVERSION = YES;
				CLANG_WARN_NON_LITERAL_NULL_CONVERSION = YES;
				CLANG_WARN_OBJC_IMPLICIT_RETAIN_SELF = YES;
				CLANG_WARN_OBJC_LITERAL_CONVERSION = YES;
				CLANG_WARN_OBJC_ROOT_CLASS = YES_ERROR;
				CLANG_WARN_QUOTED_INCLUDE_IN_FRAMEWORK_HEADER = YES;
				CLANG_WARN_RANGE_LOOP_ANALYSIS = YES;
				CLANG_WARN_STRICT_PROTOTYPES = YES;
				CLANG_WARN_SUSPICIOUS_MOVE = YES;
				CLANG_WARN_UNGUARDED_AVAILABILITY = YES_AGGRESSIVE;
				CLANG_WARN_UNREACHABLE_CODE = YES;
				CLANG_WARN__DUPLICATE_METHOD_MATCH = YES;
				COPY_PHASE_STRIP = NO;
				DEBUG_INFORMATION_FORMAT = dwarf;
				DEVELOPMENT_TEAM = PCUSPZK2L4;
				ENABLE_BITCODE = YES;
				ENABLE_STRICT_OBJC_MSGSEND = YES;
				ENABLE_TESTABILITY = YES;
				ENABLE_USER_SCRIPT_SANDBOXING = YES;
				GCC_C_LANGUAGE_STANDARD = gnu17;
				GCC_DYNAMIC_NO_PIC = NO;
				GCC_NO_COMMON_BLOCKS = YES;
				GCC_OPTIMIZATION_LEVEL = 0;
				GCC_PREPROCESSOR_DEFINITIONS = (
					"DEBUG=1",
					"$(inherited)",
				);
				GCC_WARN_64_TO_32_BIT_CONVERSION = YES;
				GCC_WARN_ABOUT_RETURN_TYPE = YES_ERROR;
				GCC_WARN_UNDECLARED_SELECTOR = YES;
				GCC_WARN_UNINITIALIZED_AUTOS = YES_AGGRESSIVE;
				GCC_WARN_UNUSED_FUNCTION = YES;
				GCC_WARN_UNUSED_VARIABLE = YES;
				IPHONEOS_DEPLOYMENT_TARGET = 18.2;
				LOCALIZATION_PREFERS_STRING_CATALOGS = YES;
				MTL_ENABLE_DEBUG_INFO = INCLUDE_SOURCE;
				MTL_FAST_MATH = YES;
				ONLY_ACTIVE_ARCH = YES;
				SDKROOT = iphoneos;
				STRING_CATALOG_GENERATE_SYMBOLS = YES;
				SWIFT_ACTIVE_COMPILATION_CONDITIONS = "DEBUG $(inherited)";
				SWIFT_OPTIMIZATION_LEVEL = "-Onone";
			};
			name = Debug;
		};
		213F27032D4D639200579FAE /* Release */ = {
			isa = XCBuildConfiguration;
			buildSettings = {
				ALWAYS_SEARCH_USER_PATHS = NO;
				ASSETCATALOG_COMPILER_GENERATE_SWIFT_ASSET_SYMBOL_EXTENSIONS = YES;
				CLANG_ANALYZER_NONNULL = YES;
				CLANG_ANALYZER_NUMBER_OBJECT_CONVERSION = YES_AGGRESSIVE;
				CLANG_CXX_LANGUAGE_STANDARD = "gnu++20";
				CLANG_ENABLE_MODULES = YES;
				CLANG_ENABLE_OBJC_ARC = YES;
				CLANG_ENABLE_OBJC_WEAK = YES;
				CLANG_WARN_BLOCK_CAPTURE_AUTORELEASING = YES;
				CLANG_WARN_BOOL_CONVERSION = YES;
				CLANG_WARN_COMMA = YES;
				CLANG_WARN_CONSTANT_CONVERSION = YES;
				CLANG_WARN_DEPRECATED_OBJC_IMPLEMENTATIONS = YES;
				CLANG_WARN_DIRECT_OBJC_ISA_USAGE = YES_ERROR;
				CLANG_WARN_DOCUMENTATION_COMMENTS = YES;
				CLANG_WARN_EMPTY_BODY = YES;
				CLANG_WARN_ENUM_CONVERSION = YES;
				CLANG_WARN_INFINITE_RECURSION = YES;
				CLANG_WARN_INT_CONVERSION = YES;
				CLANG_WARN_NON_LITERAL_NULL_CONVERSION = YES;
				CLANG_WARN_OBJC_IMPLICIT_RETAIN_SELF = YES;
				CLANG_WARN_OBJC_LITERAL_CONVERSION = YES;
				CLANG_WARN_OBJC_ROOT_CLASS = YES_ERROR;
				CLANG_WARN_QUOTED_INCLUDE_IN_FRAMEWORK_HEADER = YES;
				CLANG_WARN_RANGE_LOOP_ANALYSIS = YES;
				CLANG_WARN_STRICT_PROTOTYPES = YES;
				CLANG_WARN_SUSPICIOUS_MOVE = YES;
				CLANG_WARN_UNGUARDED_AVAILABILITY = YES_AGGRESSIVE;
				CLANG_WARN_UNREACHABLE_CODE = YES;
				CLANG_WARN__DUPLICATE_METHOD_MATCH = YES;
				COPY_PHASE_STRIP = NO;
				DEBUG_INFORMATION_FORMAT = "dwarf-with-dsym";
				DEVELOPMENT_TEAM = PCUSPZK2L4;
				ENABLE_BITCODE = YES;
				ENABLE_NS_ASSERTIONS = NO;
				ENABLE_STRICT_OBJC_MSGSEND = YES;
				ENABLE_USER_SCRIPT_SANDBOXING = YES;
				GCC_C_LANGUAGE_STANDARD = gnu17;
				GCC_NO_COMMON_BLOCKS = YES;
				GCC_WARN_64_TO_32_BIT_CONVERSION = YES;
				GCC_WARN_ABOUT_RETURN_TYPE = YES_ERROR;
				GCC_WARN_UNDECLARED_SELECTOR = YES;
				GCC_WARN_UNINITIALIZED_AUTOS = YES_AGGRESSIVE;
				GCC_WARN_UNUSED_FUNCTION = YES;
				GCC_WARN_UNUSED_VARIABLE = YES;
				IPHONEOS_DEPLOYMENT_TARGET = 18.2;
				LOCALIZATION_PREFERS_STRING_CATALOGS = YES;
				MTL_ENABLE_DEBUG_INFO = YES;
				MTL_FAST_MATH = YES;
				SDKROOT = iphoneos;
				STRING_CATALOG_GENERATE_SYMBOLS = YES;
				SWIFT_COMPILATION_MODE = wholemodule;
				VALIDATE_PRODUCT = YES;
			};
			name = Release;
		};
		213F27052D4D639200579FAE /* Debug */ = {
			isa = XCBuildConfiguration;
			buildSettings = {
				ASSETCATALOG_COMPILER_APPICON_NAME = mm_appicon;
				ASSETCATALOG_COMPILER_GLOBAL_ACCENT_COLOR_NAME = AccentColor;
				CODE_SIGN_ENTITLEMENTS = MiniMate/MiniMate.entitlements;
				CODE_SIGN_STYLE = Automatic;
				CURRENT_PROJECT_VERSION = 1;
				DEVELOPMENT_TEAM = PCUSPZK2L4;
				ENABLE_BITCODE = NO;
				ENABLE_PREVIEWS = YES;
				GENERATE_INFOPLIST_FILE = YES;
				INFOPLIST_FILE = MiniMate/Info.plist;
				INFOPLIST_KEY_CFBundleDisplayName = "Mini Mate";
				INFOPLIST_KEY_LSApplicationCategoryType = "public.app-category.sports";
				INFOPLIST_KEY_NSCameraUsageDescription = "Needed to scan QR Code to Join Game";
				INFOPLIST_KEY_NSLocationAlwaysAndWhenInUseUsageDescription = "Needed for tracking your current position.";
				INFOPLIST_KEY_NSLocationWhenInUseUsageDescription = "We use your location to show where mini golf courses are close to you and to log in your game data.";
				INFOPLIST_KEY_UIApplicationSceneManifest_Generation = YES;
				INFOPLIST_KEY_UIApplicationSupportsIndirectInputEvents = YES;
				INFOPLIST_KEY_UILaunchScreen_Generation = YES;
				INFOPLIST_KEY_UISupportedInterfaceOrientations = UIInterfaceOrientationPortrait;
				INFOPLIST_KEY_UISupportedInterfaceOrientations_iPad = "UIInterfaceOrientationLandscapeLeft UIInterfaceOrientationLandscapeRight UIInterfaceOrientationPortrait UIInterfaceOrientationPortraitUpsideDown";
				IPHONEOS_DEPLOYMENT_TARGET = 18.0;
				LD_RUNPATH_SEARCH_PATHS = (
					"$(inherited)",
					"@executable_path/Frameworks",
				);
				MARKETING_VERSION = 1.3;
				PRODUCT_BUNDLE_IDENTIFIER = com.garrettbutchko.MiniMate;
				PRODUCT_NAME = "$(TARGET_NAME)";
				"SWIFT_ACTIVE_COMPILATION_CONDITIONS[arch=*]" = MINIMATE;
				SWIFT_EMIT_LOC_STRINGS = YES;
				SWIFT_VERSION = 5.0;
				TARGETED_DEVICE_FAMILY = "1,2";
			};
			name = Debug;
		};
		213F27062D4D639200579FAE /* Release */ = {
			isa = XCBuildConfiguration;
			buildSettings = {
				ASSETCATALOG_COMPILER_APPICON_NAME = mm_appicon;
				ASSETCATALOG_COMPILER_GLOBAL_ACCENT_COLOR_NAME = AccentColor;
				CODE_SIGN_ENTITLEMENTS = MiniMate/MiniMate.entitlements;
				CODE_SIGN_STYLE = Automatic;
				CURRENT_PROJECT_VERSION = 1;
				DEVELOPMENT_TEAM = PCUSPZK2L4;
				ENABLE_BITCODE = NO;
				ENABLE_PREVIEWS = YES;
				GENERATE_INFOPLIST_FILE = YES;
				INFOPLIST_FILE = MiniMate/Info.plist;
				INFOPLIST_KEY_CFBundleDisplayName = "Mini Mate";
				INFOPLIST_KEY_LSApplicationCategoryType = "public.app-category.sports";
				INFOPLIST_KEY_NSCameraUsageDescription = "Needed to scan QR Code to Join Game";
				INFOPLIST_KEY_NSLocationAlwaysAndWhenInUseUsageDescription = "Needed for tracking your current position.";
				INFOPLIST_KEY_NSLocationWhenInUseUsageDescription = "We use your location to show where mini golf courses are close to you and to log in your game data.";
				INFOPLIST_KEY_UIApplicationSceneManifest_Generation = YES;
				INFOPLIST_KEY_UIApplicationSupportsIndirectInputEvents = YES;
				INFOPLIST_KEY_UILaunchScreen_Generation = YES;
				INFOPLIST_KEY_UISupportedInterfaceOrientations = UIInterfaceOrientationPortrait;
				INFOPLIST_KEY_UISupportedInterfaceOrientations_iPad = "UIInterfaceOrientationLandscapeLeft UIInterfaceOrientationLandscapeRight UIInterfaceOrientationPortrait UIInterfaceOrientationPortraitUpsideDown";
				IPHONEOS_DEPLOYMENT_TARGET = 18.0;
				LD_RUNPATH_SEARCH_PATHS = (
					"$(inherited)",
					"@executable_path/Frameworks",
				);
				MARKETING_VERSION = 1.3;
				MTL_ENABLE_DEBUG_INFO = YES;
				PRODUCT_BUNDLE_IDENTIFIER = com.garrettbutchko.MiniMate;
				PRODUCT_NAME = "$(TARGET_NAME)";
				"SWIFT_ACTIVE_COMPILATION_CONDITIONS[arch=*]" = MINIMATE;
				SWIFT_EMIT_LOC_STRINGS = YES;
				SWIFT_VERSION = 5.0;
				TARGETED_DEVICE_FAMILY = "1,2";
			};
			name = Release;
		};
		21E19BBB2EE4A3D0005C1193 /* Debug */ = {
			isa = XCBuildConfiguration;
			buildSettings = {
				ASSETCATALOG_COMPILER_APPICON_NAME = mmmanager_appicon;
				ASSETCATALOG_COMPILER_GLOBAL_ACCENT_COLOR_NAME = AccentColor;
				CODE_SIGN_STYLE = Automatic;
				CURRENT_PROJECT_VERSION = 1;
				DEVELOPMENT_TEAM = PCUSPZK2L4;
				ENABLE_PREVIEWS = YES;
				GENERATE_INFOPLIST_FILE = YES;
				INFOPLIST_FILE = "MiniMate-Manager-Info.plist";
				INFOPLIST_KEY_CFBundleDisplayName = "Mini Manager";
				INFOPLIST_KEY_UIApplicationSceneManifest_Generation = YES;
				INFOPLIST_KEY_UIApplicationSupportsIndirectInputEvents = YES;
				INFOPLIST_KEY_UILaunchScreen_Generation = YES;
				INFOPLIST_KEY_UISupportedInterfaceOrientations = UIInterfaceOrientationPortrait;
				INFOPLIST_KEY_UISupportedInterfaceOrientations_iPad = "UIInterfaceOrientationLandscapeLeft UIInterfaceOrientationLandscapeRight UIInterfaceOrientationPortrait UIInterfaceOrientationPortraitUpsideDown";
				IPHONEOS_DEPLOYMENT_TARGET = 18.0;
				LD_RUNPATH_SEARCH_PATHS = (
					"$(inherited)",
					"@executable_path/Frameworks",
				);
				MARKETING_VERSION = 1.0;
				PRODUCT_BUNDLE_IDENTIFIER = "com.garrettbutchko.MiniMate-Manager";
				PRODUCT_NAME = "$(TARGET_NAME)";
				STRING_CATALOG_GENERATE_SYMBOLS = YES;
				"SWIFT_ACTIVE_COMPILATION_CONDITIONS[arch=*]" = MANAGER;
				SWIFT_APPROACHABLE_CONCURRENCY = YES;
				SWIFT_DEFAULT_ACTOR_ISOLATION = MainActor;
				SWIFT_EMIT_LOC_STRINGS = YES;
				SWIFT_UPCOMING_FEATURE_MEMBER_IMPORT_VISIBILITY = YES;
				SWIFT_VERSION = 5.0;
				TARGETED_DEVICE_FAMILY = "1,2";
			};
			name = Debug;
		};
		21E19BBC2EE4A3D0005C1193 /* Release */ = {
			isa = XCBuildConfiguration;
			buildSettings = {
				ASSETCATALOG_COMPILER_APPICON_NAME = mmmanager_appicon;
				ASSETCATALOG_COMPILER_GLOBAL_ACCENT_COLOR_NAME = AccentColor;
				CODE_SIGN_STYLE = Automatic;
				CURRENT_PROJECT_VERSION = 1;
				DEVELOPMENT_TEAM = PCUSPZK2L4;
				ENABLE_PREVIEWS = YES;
				GENERATE_INFOPLIST_FILE = YES;
				INFOPLIST_FILE = "MiniMate-Manager-Info.plist";
				INFOPLIST_KEY_CFBundleDisplayName = "Mini Manager";
				INFOPLIST_KEY_UIApplicationSceneManifest_Generation = YES;
				INFOPLIST_KEY_UIApplicationSupportsIndirectInputEvents = YES;
				INFOPLIST_KEY_UILaunchScreen_Generation = YES;
				INFOPLIST_KEY_UISupportedInterfaceOrientations = UIInterfaceOrientationPortrait;
				INFOPLIST_KEY_UISupportedInterfaceOrientations_iPad = "UIInterfaceOrientationLandscapeLeft UIInterfaceOrientationLandscapeRight UIInterfaceOrientationPortrait UIInterfaceOrientationPortraitUpsideDown";
				IPHONEOS_DEPLOYMENT_TARGET = 18.0;
				LD_RUNPATH_SEARCH_PATHS = (
					"$(inherited)",
					"@executable_path/Frameworks",
				);
				MARKETING_VERSION = 1.0;
				MTL_ENABLE_DEBUG_INFO = NO;
				PRODUCT_BUNDLE_IDENTIFIER = "com.garrettbutchko.MiniMate-Manager";
				PRODUCT_NAME = "$(TARGET_NAME)";
				STRING_CATALOG_GENERATE_SYMBOLS = YES;
				"SWIFT_ACTIVE_COMPILATION_CONDITIONS[arch=*]" = MANAGER;
				SWIFT_APPROACHABLE_CONCURRENCY = YES;
				SWIFT_DEFAULT_ACTOR_ISOLATION = MainActor;
				SWIFT_EMIT_LOC_STRINGS = YES;
				SWIFT_UPCOMING_FEATURE_MEMBER_IMPORT_VISIBILITY = YES;
				SWIFT_VERSION = 5.0;
				TARGETED_DEVICE_FAMILY = "1,2";
			};
			name = Release;
		};
/* End XCBuildConfiguration section */

/* Begin XCConfigurationList section */
		213F26F12D4D639100579FAE /* Build configuration list for PBXProject "MiniMate" */ = {
			isa = XCConfigurationList;
			buildConfigurations = (
				213F27022D4D639200579FAE /* Debug */,
				213F27032D4D639200579FAE /* Release */,
			);
			defaultConfigurationIsVisible = 0;
			defaultConfigurationName = Release;
		};
		213F27042D4D639200579FAE /* Build configuration list for PBXNativeTarget "MiniMate" */ = {
			isa = XCConfigurationList;
			buildConfigurations = (
				213F27052D4D639200579FAE /* Debug */,
				213F27062D4D639200579FAE /* Release */,
			);
			defaultConfigurationIsVisible = 0;
			defaultConfigurationName = Release;
		};
		21E19BBA2EE4A3D0005C1193 /* Build configuration list for PBXNativeTarget "MiniMate Manager" */ = {
			isa = XCConfigurationList;
			buildConfigurations = (
				21E19BBB2EE4A3D0005C1193 /* Debug */,
				21E19BBC2EE4A3D0005C1193 /* Release */,
			);
			defaultConfigurationIsVisible = 0;
			defaultConfigurationName = Release;
		};
/* End XCConfigurationList section */

/* Begin XCRemoteSwiftPackageReference section */
		210BDE4B2D4DDFB80012E465 /* XCRemoteSwiftPackageReference "firebase-ios-sdk" */ = {
			isa = XCRemoteSwiftPackageReference;
			repositoryURL = "https://github.com/firebase/firebase-ios-sdk.git";
			requirement = {
				kind = upToNextMajorVersion;
				minimumVersion = 11.7.0;
			};
		};
		211D23352D556B3C00558873 /* XCRemoteSwiftPackageReference "GoogleSignIn-iOS" */ = {
			isa = XCRemoteSwiftPackageReference;
			repositoryURL = "https://github.com/google/GoogleSignIn-iOS.git";
			requirement = {
				kind = upToNextMajorVersion;
				minimumVersion = 8.0.0;
			};
		};
		21583BC42DD2E3DD00EFB400 /* XCRemoteSwiftPackageReference "ConfettiSwiftUI" */ = {
			isa = XCRemoteSwiftPackageReference;
			repositoryURL = "https://github.com/simibac/ConfettiSwiftUI";
			requirement = {
				kind = upToNextMajorVersion;
				minimumVersion = 2.0.3;
			};
		};
		2177134B2DDE6AC700AF367E /* XCRemoteSwiftPackageReference "swift-package-manager-google-mobile-ads" */ = {
			isa = XCRemoteSwiftPackageReference;
			repositoryURL = "https://github.com/googleads/swift-package-manager-google-mobile-ads.git";
			requirement = {
				kind = upToNextMajorVersion;
				minimumVersion = 12.4.0;
			};
		};
		21A0A6A82ECFCEE60060A93D /* XCRemoteSwiftPackageReference "MarqueeText" */ = {
			isa = XCRemoteSwiftPackageReference;
			repositoryURL = "https://github.com/joekndy/MarqueeText.git";
			requirement = {
				branch = master;
				kind = branch;
			};
		};
/* End XCRemoteSwiftPackageReference section */

/* Begin XCSwiftPackageProductDependency section */
		211D23362D556B3C00558873 /* GoogleSignIn */ = {
			isa = XCSwiftPackageProductDependency;
			package = 211D23352D556B3C00558873 /* XCRemoteSwiftPackageReference "GoogleSignIn-iOS" */;
			productName = GoogleSignIn;
		};
		211D23382D556B3C00558873 /* GoogleSignInSwift */ = {
			isa = XCSwiftPackageProductDependency;
			package = 211D23352D556B3C00558873 /* XCRemoteSwiftPackageReference "GoogleSignIn-iOS" */;
			productName = GoogleSignInSwift;
		};
		21491E362EF4E3900047B91D /* FirebaseAuth */ = {
			isa = XCSwiftPackageProductDependency;
			package = 210BDE4B2D4DDFB80012E465 /* XCRemoteSwiftPackageReference "firebase-ios-sdk" */;
			productName = FirebaseAuth;
		};
		21491E3A2EF4E3900047B91D /* FirebaseCore */ = {
			isa = XCSwiftPackageProductDependency;
			package = 210BDE4B2D4DDFB80012E465 /* XCRemoteSwiftPackageReference "firebase-ios-sdk" */;
			productName = FirebaseCore;
		};
		21491E402EF4E3900047B91D /* FirebaseFirestore */ = {
			isa = XCSwiftPackageProductDependency;
			package = 210BDE4B2D4DDFB80012E465 /* XCRemoteSwiftPackageReference "firebase-ios-sdk" */;
			productName = FirebaseFirestore;
		};
		21491E542EF4E3900047B91D /* FirebaseStorage */ = {
			isa = XCSwiftPackageProductDependency;
			package = 210BDE4B2D4DDFB80012E465 /* XCRemoteSwiftPackageReference "firebase-ios-sdk" */;
			productName = FirebaseStorage;
		};
		21491E5C2EF4E3900047B91D /* GoogleSignInSwift */ = {
			isa = XCSwiftPackageProductDependency;
			package = 211D23352D556B3C00558873 /* XCRemoteSwiftPackageReference "GoogleSignIn-iOS" */;
			productName = GoogleSignInSwift;
		};
		21491E602EF4E3900047B91D /* GoogleMobileAds */ = {
			isa = XCSwiftPackageProductDependency;
			package = 2177134B2DDE6AC700AF367E /* XCRemoteSwiftPackageReference "swift-package-manager-google-mobile-ads" */;
			productName = GoogleMobileAds;
		};
		21491E622EF4E3900047B91D /* MarqueeText */ = {
			isa = XCSwiftPackageProductDependency;
			package = 21A0A6A82ECFCEE60060A93D /* XCRemoteSwiftPackageReference "MarqueeText" */;
			productName = MarqueeText;
		};
		215679A12D5175D9001BE574 /* FirebaseAuth */ = {
			isa = XCSwiftPackageProductDependency;
			package = 210BDE4B2D4DDFB80012E465 /* XCRemoteSwiftPackageReference "firebase-ios-sdk" */;
			productName = FirebaseAuth;
		};
		215679A52D5175D9001BE574 /* FirebaseCore */ = {
			isa = XCSwiftPackageProductDependency;
			package = 210BDE4B2D4DDFB80012E465 /* XCRemoteSwiftPackageReference "firebase-ios-sdk" */;
			productName = FirebaseCore;
		};
		215679A92D5175D9001BE574 /* FirebaseDatabase */ = {
			isa = XCSwiftPackageProductDependency;
			package = 210BDE4B2D4DDFB80012E465 /* XCRemoteSwiftPackageReference "firebase-ios-sdk" */;
			productName = FirebaseDatabase;
		};
		215679AD2D5175D9001BE574 /* FirebaseFirestore */ = {
			isa = XCSwiftPackageProductDependency;
			package = 210BDE4B2D4DDFB80012E465 /* XCRemoteSwiftPackageReference "firebase-ios-sdk" */;
			productName = FirebaseFirestore;
		};
		215679C12D5175D9001BE574 /* FirebaseStorage */ = {
			isa = XCSwiftPackageProductDependency;
			package = 210BDE4B2D4DDFB80012E465 /* XCRemoteSwiftPackageReference "firebase-ios-sdk" */;
			productName = FirebaseStorage;
		};
		21583BC52DD2E48200EFB400 /* ConfettiSwiftUI */ = {
			isa = XCSwiftPackageProductDependency;
			package = 21583BC42DD2E3DD00EFB400 /* XCRemoteSwiftPackageReference "ConfettiSwiftUI" */;
			productName = ConfettiSwiftUI;
		};
		2177134C2DDE6AC700AF367E /* GoogleMobileAds */ = {
			isa = XCSwiftPackageProductDependency;
			package = 2177134B2DDE6AC700AF367E /* XCRemoteSwiftPackageReference "swift-package-manager-google-mobile-ads" */;
			productName = GoogleMobileAds;
		};
		21A0A6A92ECFCEE60060A93D /* MarqueeText */ = {
			isa = XCSwiftPackageProductDependency;
			package = 21A0A6A82ECFCEE60060A93D /* XCRemoteSwiftPackageReference "MarqueeText" */;
			productName = MarqueeText;
		};
		21E19BC22EE4B23E005C1193 /* FirebaseDatabase */ = {
			isa = XCSwiftPackageProductDependency;
			package = 210BDE4B2D4DDFB80012E465 /* XCRemoteSwiftPackageReference "firebase-ios-sdk" */;
			productName = FirebaseDatabase;
		};
/* End XCSwiftPackageProductDependency section */
	};
	rootObject = 213F26EE2D4D639100579FAE /* Project object */;
}
